
Microsoft Visual Studio Solution File, Format Version 12.00
# Visual Studio 2013
VisualStudioVersion = 12.0.40629.0
MinimumVisualStudioVersion = 10.0.40219.1
Project("{FAE04EC0-301F-11D3-BF4B-00C04F79EFBC}") = "BelgeDefteri", "BelgeDefteri\BelgeDefteri.csproj", "{072B1136-A6C0-4634-80DA-A0C3837CE1B8}"
EndProject
Project("{FAE04EC0-301F-11D3-BF4B-00C04F79EFBC}") = "BelgeDefteri.Data", "BelgeDefteri.Data\BelgeDefteri.Data.csproj", "{EF97775F-9CD0-499C-B708-4EA9154AC6B9}"
EndProject
Project("{FAE04EC0-301F-11D3-BF4B-00C04F79EFBC}") = "BelgeDefteri.Service", "BelgeDefteri.Service\BelgeDefteri.Service.csproj", "{0FD32309-5343-4D27-92B8-F9A07B8C7922}"
EndProject
Global
	GlobalSection(SolutionConfigurationPlatforms) = preSolution
		Debug|Any CPU = Debug|Any CPU
		Release|Any CPU = Release|Any CPU
	EndGlobalSection
	GlobalSection(ProjectConfigurationPlatforms) = postSolution
		{072B1136-A6C0-4634-80DA-A0C3837CE1B8}.Debug|Any CPU.ActiveCfg = Debug|Any CPU
		{072B1136-A6C0-4634-80DA-A0C3837CE1B8}.Debug|Any CPU.Build.0 = Debug|Any CPU
		{072B1136-A6C0-4634-80DA-A0C3837CE1B8}.Release|Any CPU.ActiveCfg = Release|Any CPU
		{072B1136-A6C0-4634-80DA-A0C3837CE1B8}.Release|Any CPU.Build.0 = Release|Any CPU
		{EF97775F-9CD0-499C-B708-4EA9154AC6B9}.Debug|Any CPU.ActiveCfg = Debug|Any CPU
		{EF97775F-9CD0-499C-B708-4EA9154AC6B9}.Debug|Any CPU.Build.0 = Debug|Any CPU
		{EF97775F-9CD0-499C-B708-4EA9154AC6B9}.Release|Any CPU.ActiveCfg = Release|Any CPU
		{EF97775F-9CD0-499C-B708-4EA9154AC6B9}.Release|Any CPU.Build.0 = Release|Any CPU
		{0FD32309-5343-4D27-92B8-F9A07B8C7922}.Debug|Any CPU.ActiveCfg = Debug|Any CPU
		{0FD32309-5343-4D27-92B8-F9A07B8C7922}.Debug|Any CPU.Build.0 = Debug|Any CPU
		{0FD32309-5343-4D27-92B8-F9A07B8C7922}.Release|Any CPU.ActiveCfg = Release|Any CPU
		{0FD32309-5343-4D27-92B8-F9A07B8C7922}.Release|Any CPU.Build.0 = Release|Any CPU
	EndGlobalSection
	GlobalSection(SolutionProperties) = preSolution
		HideSolutionNode = FALSE
	EndGlobalSection
EndGlobal
